{
    "_readme": [
        "This file locks the dependencies of your project to a known state",
        "Read more about it at https://getcomposer.org/doc/01-basic-usage.md#installing-dependencies",
        "This file is @generated automatically"
    ],
    "content-hash": "41b4b9d2620ffbc412e101d3c89dc82b",
    "packages": [
        {
            "name": "openswoole/ide-helper",
            "version": "4.11.6",
            "source": {
                "type": "git",
                "url": "https://github.com/openswoole/ide-helper.git",
                "reference": "6e8831af6dd34e24456cb98272373b030bce94df"
            },
            "dist": {
                "type": "zip",
                "url": "https://api.github.com/repos/openswoole/ide-helper/zipball/6e8831af6dd34e24456cb98272373b030bce94df",
                "reference": "6e8831af6dd34e24456cb98272373b030bce94df",
                "shasum": ""
            },
            "require": {
                "php": ">=7.4"
            },
            "require-dev": {
                "friendsofphp/php-cs-fixer": "^3.3"
            },
            "type": "library",
            "notification-url": "https://packagist.org/downloads/",
            "license": [
                "Apache-2.0"
            ],
            "authors": [
                {
                    "name": "Open Swoole Group",
                    "email": "hello@openswoole.com"
                }
            ],
            "description": "IDE help files for Open Swoole.",
            "support": {
                "issues": "https://github.com/openswoole/ide-helper/issues",
                "source": "https://github.com/openswoole/ide-helper/tree/4.11.6"
            },
            "time": "2022-08-03T13:28:52+00:00"
        },
        {
            "name": "phpmailer/phpmailer",
            "version": "v6.8.0",
            "source": {
                "type": "git",
                "url": "https://github.com/PHPMailer/PHPMailer.git",
                "reference": "df16b615e371d81fb79e506277faea67a1be18f1"
            },
            "dist": {
                "type": "zip",
                "url": "https://api.github.com/repos/PHPMailer/PHPMailer/zipball/df16b615e371d81fb79e506277faea67a1be18f1",
                "reference": "df16b615e371d81fb79e506277faea67a1be18f1",
                "shasum": ""
            },
            "require": {
                "ext-ctype": "*",
                "ext-filter": "*",
                "ext-hash": "*",
                "php": ">=5.5.0"
            },
            "require-dev": {
                "dealerdirect/phpcodesniffer-composer-installer": "^0.7.2",
                "doctrine/annotations": "^1.2.6 || ^1.13.3",
                "php-parallel-lint/php-console-highlighter": "^1.0.0",
                "php-parallel-lint/php-parallel-lint": "^1.3.2",
                "phpcompatibility/php-compatibility": "^9.3.5",
                "roave/security-advisories": "dev-latest",
                "squizlabs/php_codesniffer": "^3.7.1",
                "yoast/phpunit-polyfills": "^1.0.4"
            },
            "suggest": {
                "ext-mbstring": "Needed to send email in multibyte encoding charset or decode encoded addresses",
                "ext-openssl": "Needed for secure SMTP sending and DKIM signing",
                "greew/oauth2-azure-provider": "Needed for Microsoft Azure XOAUTH2 authentication",
                "hayageek/oauth2-yahoo": "Needed for Yahoo XOAUTH2 authentication",
                "league/oauth2-google": "Needed for Google XOAUTH2 authentication",
                "psr/log": "For optional PSR-3 debug logging",
                "symfony/polyfill-mbstring": "To support UTF-8 if the Mbstring PHP extension is not enabled (^1.2)",
                "thenetworg/oauth2-azure": "Needed for Microsoft XOAUTH2 authentication"
            },
            "type": "library",
            "autoload": {
                "psr-4": {
                    "PHPMailer\\PHPMailer\\": "src/"
                }
            },
            "notification-url": "https://packagist.org/downloads/",
            "license": [
                "LGPL-2.1-only"
            ],
            "authors": [
                {
                    "name": "Marcus Bointon",
                    "email": "phpmailer@synchromedia.co.uk"
                },
                {
                    "name": "Jim Jagielski",
                    "email": "jimjag@gmail.com"
                },
                {
                    "name": "Andy Prevost",
                    "email": "codeworxtech@users.sourceforge.net"
                },
                {
                    "name": "Brent R. Matzelle"
                }
            ],
            "description": "PHPMailer is a full-featured email creation and transfer class for PHP",
            "support": {
                "issues": "https://github.com/PHPMailer/PHPMailer/issues",
                "source": "https://github.com/PHPMailer/PHPMailer/tree/v6.8.0"
            },
            "funding": [
                {
                    "url": "https://github.com/Synchro",
                    "type": "github"
                }
            ],
            "time": "2023-03-06T14:43:22+00:00"
        },
        {
            "name": "spatie/db-dumper",
            "version": "3.4.0",
            "source": {
                "type": "git",
                "url": "https://github.com/spatie/db-dumper.git",
                "reference": "bbd5ae0f331d47e6534eb307e256c11a65c8e24a"
            },
            "dist": {
                "type": "zip",
                "url": "https://api.github.com/repos/spatie/db-dumper/zipball/bbd5ae0f331d47e6534eb307e256c11a65c8e24a",
                "reference": "bbd5ae0f331d47e6534eb307e256c11a65c8e24a",
                "shasum": ""
            },
            "require": {
                "php": "^8.0",
                "symfony/process": "^5.0|^6.0"
            },
            "require-dev": {
                "pestphp/pest": "^1.22"
            },
            "type": "library",
            "autoload": {
                "psr-4": {
                    "Spatie\\DbDumper\\": "src"
                }
            },
            "notification-url": "https://packagist.org/downloads/",
            "license": [
                "MIT"
            ],
            "authors": [
                {
                    "name": "Freek Van der Herten",
                    "email": "freek@spatie.be",
                    "homepage": "https://spatie.be",
                    "role": "Developer"
                }
            ],
            "description": "Dump databases",
            "homepage": "https://github.com/spatie/db-dumper",
            "keywords": [
                "database",
                "db-dumper",
                "dump",
                "mysqldump",
                "spatie"
            ],
            "support": {
                "source": "https://github.com/spatie/db-dumper/tree/3.4.0"
            },
            "funding": [
                {
                    "url": "https://spatie.be/open-source/support-us",
                    "type": "custom"
                },
                {
                    "url": "https://github.com/spatie",
                    "type": "github"
                }
            ],
            "time": "2023-06-27T08:34:52+00:00"
        },
        {
            "name": "symfony/process",
            "version": "v6.3.0",
            "source": {
                "type": "git",
                "url": "https://github.com/symfony/process.git",
                "reference": "8741e3ed7fe2e91ec099e02446fb86667a0f1628"
            },
            "dist": {
                "type": "zip",
                "url": "https://api.github.com/repos/symfony/process/zipball/8741e3ed7fe2e91ec099e02446fb86667a0f1628",
                "reference": "8741e3ed7fe2e91ec099e02446fb86667a0f1628",
                "shasum": ""
            },
            "require": {
                "php": ">=8.1"
            },
            "type": "library",
            "autoload": {
                "psr-4": {
                    "Symfony\\Component\\Process\\": ""
                },
                "exclude-from-classmap": [
                    "/Tests/"
                ]
            },
            "notification-url": "https://packagist.org/downloads/",
            "license": [
                "MIT"
            ],
            "authors": [
                {
                    "name": "Fabien Potencier",
                    "email": "fabien@symfony.com"
                },
                {
                    "name": "Symfony Community",
                    "homepage": "https://symfony.com/contributors"
                }
            ],
            "description": "Executes commands in sub-processes",
            "homepage": "https://symfony.com",
            "support": {
                "source": "https://github.com/symfony/process/tree/v6.3.0"
            },
            "funding": [
                {
                    "url": "https://symfony.com/sponsor",
                    "type": "custom"
                },
                {
                    "url": "https://github.com/fabpot",
                    "type": "github"
                },
                {
                    "url": "https://tidelift.com/funding/github/packagist/symfony/symfony",
                    "type": "tidelift"
                }
            ],
            "time": "2023-05-19T08:06:44+00:00"
        }
    ],
    "packages-dev": [
        {
            "name": "phpstan/phpstan",
            "version": "1.10.21",
            "source": {
                "type": "git",
                "url": "https://github.com/phpstan/phpstan.git",
                "reference": "b2a30186be2e4d97dce754ae4e65eb0ec2f04eb5"
            },
            "dist": {
                "type": "zip",
                "url": "https://api.github.com/repos/phpstan/phpstan/zipball/b2a30186be2e4d97dce754ae4e65eb0ec2f04eb5",
                "reference": "b2a30186be2e4d97dce754ae4e65eb0ec2f04eb5",
                "shasum": ""
            },
            "require": {
                "php": "^7.2|^8.0"
            },
            "conflict": {
                "phpstan/phpstan-shim": "*"
            },
            "bin": [
                "phpstan",
                "phpstan.phar"
            ],
            "type": "library",
            "autoload": {
                "files": [
                    "bootstrap.php"
                ]
            },
            "notification-url": "https://packagist.org/downloads/",
            "license": [
                "MIT"
            ],
            "description": "PHPStan - PHP Static Analysis Tool",
            "keywords": [
                "dev",
                "static analysis"
            ],
            "support": {
                "docs": "https://phpstan.org/user-guide/getting-started",
                "forum": "https://github.com/phpstan/phpstan/discussions",
                "issues": "https://github.com/phpstan/phpstan/issues",
                "security": "https://github.com/phpstan/phpstan/security/policy",
                "source": "https://github.com/phpstan/phpstan-src"
            },
            "funding": [
                {
                    "url": "https://github.com/ondrejmirtes",
                    "type": "github"
                },
                {
                    "url": "https://github.com/phpstan",
                    "type": "github"
                },
                {
                    "url": "https://tidelift.com/funding/github/packagist/phpstan/phpstan",
                    "type": "tidelift"
                }
            ],
            "time": "2023-06-21T20:07:58+00:00"
        }
    ],
    "aliases": [],
    "minimum-stability": "stable",
    "stability-flags": [],
    "prefer-stable": false,
    "prefer-lowest": false,
    "platform": {
        "php": "^8.2"
    },
    "platform-dev": [],
    "plugin-api-version": "2.3.0"
}
